
Microsoft Visual Studio Solution File, Format Version 12.00
# Visual Studio Version 17
VisualStudioVersion = 17.14.35906.104 d17.14
MinimumVisualStudioVersion = 10.0.40219.1
Project("{FAE04EC0-301F-11D3-BF4B-00C04F79EFBC}") = "OOP_lab_13", "OOP_lab_13\OOP_lab_13.csproj", "{D20382D2-81B0-4C17-AB8E-73590BC8228C}"
EndProject
Global
	GlobalSection(SolutionConfigurationPlatforms) = preSolution
		Debug|Any CPU = Debug|Any CPU
		Release|Any CPU = Release|Any CPU
	EndGlobalSection
	GlobalSection(ProjectConfigurationPlatforms) = postSolution
		{D20382D2-81B0-4C17-AB8E-73590BC8228C}.Debug|Any CPU.ActiveCfg = Debug|Any CPU
		{D20382D2-81B0-4C17-AB8E-73590BC8228C}.Debug|Any CPU.Build.0 = Debug|Any CPU
		{D20382D2-81B0-4C17-AB8E-73590BC8228C}.Release|Any CPU.ActiveCfg = Release|Any CPU
		{D20382D2-81B0-4C17-AB8E-73590BC8228C}.Release|Any CPU.Build.0 = Release|Any CPU
	EndGlobalSection
	GlobalSection(SolutionProperties) = preSolution
		HideSolutionNode = FALSE
	EndGlobalSection
	GlobalSection(ExtensibilityGlobals) = postSolution
		SolutionGuid = {1FC4B23C-71E4-4ABC-B67C-83A7AC982EE4}
	EndGlobalSection
EndGlobal
